
Microsoft Visual Studio Solution File, Format Version 12.00
# Visual Studio 15
VisualStudioVersion = 15.0.28307.960
MinimumVisualStudioVersion = 10.0.40219.1
Project("{FAE04EC0-301F-11D3-BF4B-00C04F79EFBC}") = "ECommerce.Web", "ECommerce.Web\ECommerce.Web.csproj", "{8CBFA2A0-83A7-467E-B87D-FC22554B5C1B}"
EndProject
Global
	GlobalSection(SolutionConfigurationPlatforms) = preSolution
		Debug|Any CPU = Debug|Any CPU
		Release|Any CPU = Release|Any CPU
	EndGlobalSection
	GlobalSection(ProjectConfigurationPlatforms) = postSolution
		{8CBFA2A0-83A7-467E-B87D-FC22554B5C1B}.Debug|Any CPU.ActiveCfg = Debug|Any CPU
		{8CBFA2A0-83A7-467E-B87D-FC22554B5C1B}.Debug|Any CPU.Build.0 = Debug|Any CPU
		{8CBFA2A0-83A7-467E-B87D-FC22554B5C1B}.Release|Any CPU.ActiveCfg = Release|Any CPU
		{8CBFA2A0-83A7-467E-B87D-FC22554B5C1B}.Release|Any CPU.Build.0 = Release|Any CPU
	EndGlobalSection
	GlobalSection(SolutionProperties) = preSolution
		HideSolutionNode = FALSE
	EndGlobalSection
	GlobalSection(ExtensibilityGlobals) = postSolution
		SolutionGuid = {D14D5154-EABA-445F-B42C-F38E56CEC095}
	EndGlobalSection
EndGlobal
